
Microsoft Visual Studio Solution File, Format Version 12.00
# Visual Studio Version 16
VisualStudioVersion = 16.0.31313.79
MinimumVisualStudioVersion = 10.0.40219.1
Project("{FAE04EC0-301F-11D3-BF4B-00C04F79EFBC}") = "mathproblems", "mathproblems\mathproblems.csproj", "{405FC18F-73DA-47AA-AD0B-4BF30FFE4693}"
EndProject
Global
	GlobalSection(SolutionConfigurationPlatforms) = preSolution
		Debug|Any CPU = Debug|Any CPU
		Release|Any CPU = Release|Any CPU
	EndGlobalSection
	GlobalSection(ProjectConfigurationPlatforms) = postSolution
		{405FC18F-73DA-47AA-AD0B-4BF30FFE4693}.Debug|Any CPU.ActiveCfg = Debug|Any CPU
		{405FC18F-73DA-47AA-AD0B-4BF30FFE4693}.Debug|Any CPU.Build.0 = Debug|Any CPU
		{405FC18F-73DA-47AA-AD0B-4BF30FFE4693}.Release|Any CPU.ActiveCfg = Release|Any CPU
		{405FC18F-73DA-47AA-AD0B-4BF30FFE4693}.Release|Any CPU.Build.0 = Release|Any CPU
	EndGlobalSection
	GlobalSection(SolutionProperties) = preSolution
		HideSolutionNode = FALSE
	EndGlobalSection
	GlobalSection(ExtensibilityGlobals) = postSolution
		SolutionGuid = {A326E849-DBBB-4AF3-B20F-A855A886A0EE}
	EndGlobalSection
EndGlobal
